
Microsoft Visual Studio Solution File, Format Version 12.00
Project("{FAE04EC0-301F-11D3-BF4B-00C04F79EFBC}") = "Bull", "Bull\Bull.csproj", "{839DB9F5-3936-4549-ABE6-15B291EDC26A}"
EndProject
Global
	GlobalSection(SolutionConfigurationPlatforms) = preSolution
		Debug|Any CPU = Debug|Any CPU
		Release|Any CPU = Release|Any CPU
	EndGlobalSection
	GlobalSection(ProjectConfigurationPlatforms) = postSolution
		{839DB9F5-3936-4549-ABE6-15B291EDC26A}.Debug|Any CPU.ActiveCfg = Debug|Any CPU
		{839DB9F5-3936-4549-ABE6-15B291EDC26A}.Debug|Any CPU.Build.0 = Debug|Any CPU
		{839DB9F5-3936-4549-ABE6-15B291EDC26A}.Release|Any CPU.ActiveCfg = Release|Any CPU
		{839DB9F5-3936-4549-ABE6-15B291EDC26A}.Release|Any CPU.Build.0 = Release|Any CPU
	EndGlobalSection
EndGlobal
